schema: '2.0'
stages:
  load_data:
    cmd: python src/stage-01-load-save.py --config=config/config.yaml
    deps:
    - path: config/config.yaml
      md5: cdb1cf22723b351ac2b3d6a142a20d43
      size: 419
    - path: src/stage-01-load-save.py
      md5: 1a6ab0adc5913a5ffd786d4c7e8cc56f
      size: 872
    - path: src/utils/utils.py
      md5: 98a857312ec0000ad298e5c294adbae3
      size: 742
    outs:
    - path: artifacts/raw_local_dir/data.csv
      md5: 7d814a1bda02145efe703f4e1c01847a
      size: 93599
  always_run:
    cmd: python src/test.py
  split_data:
    cmd: python src/stage-02-split-data.py -c=config/config.yaml -p=params.yaml
    deps:
    - path: artifacts/raw_local_dir/data.csv
      md5: 7d814a1bda02145efe703f4e1c01847a
      size: 93599
    - path: config/config.yaml
      md5: cdb1cf22723b351ac2b3d6a142a20d43
      size: 419
    - path: src/stage-02-split-data.py
      md5: 13e1576676e46bccd73767fec86ea599
      size: 1738
    - path: src/utils/utils.py
      md5: 98a857312ec0000ad298e5c294adbae3
      size: 742
    params:
      params.yaml:
        base.random_state: 42
        base.test_size: 0.3
    outs:
    - path: artifacts/split_data_dir/test.csv
      md5: 3a3eef9f920deae72cb9bcd7b91231f1
      size: 28169
    - path: artifacts/split_data_dir/train.csv
      md5: 5e5a3523f0fba3925dc577c3baf2c5cd
      size: 65577
  training:
    cmd: python src/stage-03-training.py -c=config/config.yaml -p=params.yaml
    deps:
    - path: artifacts/split_data_dir/train.csv
      md5: 5e5a3523f0fba3925dc577c3baf2c5cd
      size: 65577
    - path: config/config.yaml
      md5: cdb1cf22723b351ac2b3d6a142a20d43
      size: 419
    - path: src/stage-03-training.py
      md5: 3a05f05cb0cb0de603f9ef77130157f6
      size: 2107
    - path: src/utils/utils.py
      md5: 98a857312ec0000ad298e5c294adbae3
      size: 742
    params:
      params.yaml:
        base.random_state: 42
        model_params.RandomForestRegressor.hyper_params:
          n_estimator: 100
          max_depth: 10
          use_oob: true
    outs:
    - path: artifacts/models/randomforest.model
      md5: d518f39285f3b91e33877fd919080235
      size: 1791357
  eval:
    cmd: python src/stage-04-evaluate.py -c=config/config.yaml -p=params.yaml
    deps:
    - path: artifacts/models/randomforest.model
      md5: d518f39285f3b91e33877fd919080235
      size: 1791357
    - path: artifacts/split_data_dir/test.csv
      md5: 3a3eef9f920deae72cb9bcd7b91231f1
      size: 28169
    - path: config/config.yaml
      md5: cdb1cf22723b351ac2b3d6a142a20d43
      size: 419
    - path: src/stage-04-evaluate.py
      md5: 4d6a7d3eb599c8b9b7f2d01cd10989e8
      size: 2226
    - path: src/utils/utils.py
      md5: 98a857312ec0000ad298e5c294adbae3
      size: 742
    outs:
    - path: artifacts/metrics/metrics.json
      md5: f21e18a16e35a0cdb3c3a7228028182a
      size: 132
